
Microsoft Visual Studio Solution File, Format Version 12.00
# Visual Studio Version 17
VisualStudioVersion = 17.7.34009.444
MinimumVisualStudioVersion = 10.0.40219.1
Project("{9A19103F-16F7-4668-BE54-9A1E7A4F7556}") = "AppNumeroDaSorte", "AppNumeroDaSorte\AppNumeroDaSorte.csproj", "{4D3C1D91-8085-47BE-849D-DB25B3034420}"
EndProject
Project("{9A19103F-16F7-4668-BE54-9A1E7A4F7556}") = "AppContentPage", "AppContentPage\AppContentPage.csproj", "{D8F6F6E0-A9DC-4BC8-84E1-5AC1397A1D8E}"
EndProject
Project("{9A19103F-16F7-4668-BE54-9A1E7A4F7556}") = "AppNavigationPage", "AppNavigationPage\AppNavigationPage.csproj", "{5D3B2963-DC69-48F9-A825-1644A391E024}"
EndProject
Project("{9A19103F-16F7-4668-BE54-9A1E7A4F7556}") = "AppFlyoutPage", "AppFlyoutPage\AppFlyoutPage.csproj", "{BC8ED572-CD09-4255-8B42-9ADD81756149}"
EndProject
Project("{9A19103F-16F7-4668-BE54-9A1E7A4F7556}") = "AppTabbedPage", "AppTabbedPage\AppTabbedPage.csproj", "{E5C3A913-93A3-46C6-9243-2B398A5C12CF}"
EndProject
Project("{FAE04EC0-301F-11D3-BF4B-00C04F79EFBC}") = "AppMauiGallery", "AppMauiGallery\AppMauiGallery.csproj", "{3346E852-CD4B-4DAA-83A6-5988CF25B2D7}"
EndProject
Project("{FAE04EC0-301F-11D3-BF4B-00C04F79EFBC}") = "AppJogoDaForca", "AppJogoDaForca\AppJogoDaForca.csproj", "{C4EA6B19-298F-407B-992F-93472D555C9B}"
EndProject
Global
	GlobalSection(SolutionConfigurationPlatforms) = preSolution
		Debug|Any CPU = Debug|Any CPU
		Release|Any CPU = Release|Any CPU
	EndGlobalSection
	GlobalSection(ProjectConfigurationPlatforms) = postSolution
		{4D3C1D91-8085-47BE-849D-DB25B3034420}.Debug|Any CPU.ActiveCfg = Debug|Any CPU
		{4D3C1D91-8085-47BE-849D-DB25B3034420}.Debug|Any CPU.Build.0 = Debug|Any CPU
		{4D3C1D91-8085-47BE-849D-DB25B3034420}.Debug|Any CPU.Deploy.0 = Debug|Any CPU
		{4D3C1D91-8085-47BE-849D-DB25B3034420}.Release|Any CPU.ActiveCfg = Release|Any CPU
		{4D3C1D91-8085-47BE-849D-DB25B3034420}.Release|Any CPU.Build.0 = Release|Any CPU
		{4D3C1D91-8085-47BE-849D-DB25B3034420}.Release|Any CPU.Deploy.0 = Release|Any CPU
		{D8F6F6E0-A9DC-4BC8-84E1-5AC1397A1D8E}.Debug|Any CPU.ActiveCfg = Debug|Any CPU
		{D8F6F6E0-A9DC-4BC8-84E1-5AC1397A1D8E}.Debug|Any CPU.Build.0 = Debug|Any CPU
		{D8F6F6E0-A9DC-4BC8-84E1-5AC1397A1D8E}.Debug|Any CPU.Deploy.0 = Debug|Any CPU
		{D8F6F6E0-A9DC-4BC8-84E1-5AC1397A1D8E}.Release|Any CPU.ActiveCfg = Release|Any CPU
		{D8F6F6E0-A9DC-4BC8-84E1-5AC1397A1D8E}.Release|Any CPU.Build.0 = Release|Any CPU
		{D8F6F6E0-A9DC-4BC8-84E1-5AC1397A1D8E}.Release|Any CPU.Deploy.0 = Release|Any CPU
		{5D3B2963-DC69-48F9-A825-1644A391E024}.Debug|Any CPU.ActiveCfg = Debug|Any CPU
		{5D3B2963-DC69-48F9-A825-1644A391E024}.Debug|Any CPU.Build.0 = Debug|Any CPU
		{5D3B2963-DC69-48F9-A825-1644A391E024}.Debug|Any CPU.Deploy.0 = Debug|Any CPU
		{5D3B2963-DC69-48F9-A825-1644A391E024}.Release|Any CPU.ActiveCfg = Release|Any CPU
		{5D3B2963-DC69-48F9-A825-1644A391E024}.Release|Any CPU.Build.0 = Release|Any CPU
		{5D3B2963-DC69-48F9-A825-1644A391E024}.Release|Any CPU.Deploy.0 = Release|Any CPU
		{BC8ED572-CD09-4255-8B42-9ADD81756149}.Debug|Any CPU.ActiveCfg = Debug|Any CPU
		{BC8ED572-CD09-4255-8B42-9ADD81756149}.Debug|Any CPU.Build.0 = Debug|Any CPU
		{BC8ED572-CD09-4255-8B42-9ADD81756149}.Debug|Any CPU.Deploy.0 = Debug|Any CPU
		{BC8ED572-CD09-4255-8B42-9ADD81756149}.Release|Any CPU.ActiveCfg = Release|Any CPU
		{BC8ED572-CD09-4255-8B42-9ADD81756149}.Release|Any CPU.Build.0 = Release|Any CPU
		{BC8ED572-CD09-4255-8B42-9ADD81756149}.Release|Any CPU.Deploy.0 = Release|Any CPU
		{E5C3A913-93A3-46C6-9243-2B398A5C12CF}.Debug|Any CPU.ActiveCfg = Debug|Any CPU
		{E5C3A913-93A3-46C6-9243-2B398A5C12CF}.Debug|Any CPU.Build.0 = Debug|Any CPU
		{E5C3A913-93A3-46C6-9243-2B398A5C12CF}.Debug|Any CPU.Deploy.0 = Debug|Any CPU
		{E5C3A913-93A3-46C6-9243-2B398A5C12CF}.Release|Any CPU.ActiveCfg = Release|Any CPU
		{E5C3A913-93A3-46C6-9243-2B398A5C12CF}.Release|Any CPU.Build.0 = Release|Any CPU
		{E5C3A913-93A3-46C6-9243-2B398A5C12CF}.Release|Any CPU.Deploy.0 = Release|Any CPU
		{3346E852-CD4B-4DAA-83A6-5988CF25B2D7}.Debug|Any CPU.ActiveCfg = Debug|Any CPU
		{3346E852-CD4B-4DAA-83A6-5988CF25B2D7}.Debug|Any CPU.Build.0 = Debug|Any CPU
		{3346E852-CD4B-4DAA-83A6-5988CF25B2D7}.Debug|Any CPU.Deploy.0 = Debug|Any CPU
		{3346E852-CD4B-4DAA-83A6-5988CF25B2D7}.Release|Any CPU.ActiveCfg = Release|Any CPU
		{3346E852-CD4B-4DAA-83A6-5988CF25B2D7}.Release|Any CPU.Build.0 = Release|Any CPU
		{3346E852-CD4B-4DAA-83A6-5988CF25B2D7}.Release|Any CPU.Deploy.0 = Release|Any CPU
		{C4EA6B19-298F-407B-992F-93472D555C9B}.Debug|Any CPU.ActiveCfg = Debug|Any CPU
		{C4EA6B19-298F-407B-992F-93472D555C9B}.Debug|Any CPU.Build.0 = Debug|Any CPU
		{C4EA6B19-298F-407B-992F-93472D555C9B}.Debug|Any CPU.Deploy.0 = Debug|Any CPU
		{C4EA6B19-298F-407B-992F-93472D555C9B}.Release|Any CPU.ActiveCfg = Release|Any CPU
		{C4EA6B19-298F-407B-992F-93472D555C9B}.Release|Any CPU.Build.0 = Release|Any CPU
	EndGlobalSection
	GlobalSection(SolutionProperties) = preSolution
		HideSolutionNode = FALSE
	EndGlobalSection
	GlobalSection(ExtensibilityGlobals) = postSolution
		SolutionGuid = {F4F297EE-3F9E-4FA2-929E-0A5C60571BDB}
	EndGlobalSection
EndGlobal
